// !$*UTF8*$!
{
	archiveVersion = 1;
	classes = {
	};
	objectVersion = 46;
	objects = {

/* Begin PBXBuildFile section */
		71254C411A134A87007B5169 /* main.m in Sources */ = {isa = PBXBuildFile; fileRef = 71254C401A134A87007B5169 /* main.m */; };
/* End PBXBuildFile section */

/* Begin PBXCopyFilesBuildPhase section */
		71254C3B1A134A87007B5169 /* CopyFiles */ = {
			isa = PBXCopyFilesBuildPhase;
			buildActionMask = 2147483647;
			dstPath = /usr/share/man/man1/;
			dstSubfolderSpec = 0;
			files = (
			);
			runOnlyForDeploymentPostprocessing = 1;
		};
/* End PBXCopyFilesBuildPhase section */

/* Begin PBXFileReference section */
		71254C3D1A134A87007B5169 /* 02-50个人点名 */ = {isa = PBXFileReference; explicitFileType = "compiled.mach-o.executable"; includeInIndex = 0; path = "02-50个人点名"; sourceTree = BUILT_PRODUCTS_DIR; };
		71254C401A134A87007B5169 /* main.m */ = {isa = PBXFileReference; lastKnownFileType = sourcecode.c.objc; path = main.m; sourceTree = "<group>"; };
/* End PBXFileReference section */

/* Begin PBXFrameworksBuildPhase section */
		71254C3A1A134A87007B5169 /* Frameworks */ = {
			isa = PBXFrameworksBuildPhase;
			buildActionMask = 2147483647;
			files = (
			);
			runOnlyForDeploymentPostprocessing = 0;
		};
/* End PBXFrameworksBuildPhase section */

/* Begin PBXGroup section */
		71254C341A134A87007B5169 = {
			isa = PBXGroup;
			children = (
				71254C3F1A134A87007B5169 /* 02-50个人点名 */,
				71254C3E1A134A87007B5169 /* Products */,
			);
			sourceTree = "<group>";
		};
		71254C3E1A134A87007B5169 /* Products */ = {
			isa = PBXGroup;
			children = (
				71254C3D1A134A87007B5169 /* 02-50个人点名 */,
			);
			name = Products;
			sourceTree = "<group>";
		};
		71254C3F1A134A87007B5169 /* 02-50个人点名 */ = {
			isa = PBXGroup;
			children = (
				71254C401A134A87007B5169 /* main.m */,
			);
			name = "02-50个人点名";
			path = "1-50个人点名";
			sourceTree = "<group>";
		};
/* End PBXGroup section */

/* Begin PBXNativeTarget section */
		71254C3C1A134A87007B5169 /* 02-50个人点名 */ = {
			isa = PBXNativeTarget;
			buildConfigurationList = 71254C441A134A87007B5169 /* Build configuration list for PBXNativeTarget "02-50个人点名" */;
			buildPhases = (
				71254C391A134A87007B5169 /* Sources */,
				71254C3A1A134A87007B5169 /* Frameworks */,
				71254C3B1A134A87007B5169 /* CopyFiles */,
			);
			buildRules = (
			);
			dependencies = (
			);
			name = "02-50个人点名";
			productName = "1-50个人点名";
			productReference = 71254C3D1A134A87007B5169 /* 02-50个人点名 */;
			productType = "com.apple.product-type.tool";
		};
/* End PBXNativeTarget section */

/* Begin PBXProject section */
		71254C351A134A87007B5169 /* Project object */ = {
			isa = PBXProject;
			attributes = {
				LastUpgradeCheck = 0610;
				ORGANIZATIONNAME = "杨超";
				TargetAttributes = {
					71254C3C1A134A87007B5169 = {
						CreatedOnToolsVersion = 6.1;
					};
				};
			};
			buildConfigurationList = 71254C381A134A87007B5169 /* Build configuration list for PBXProject "02-50个人点名" */;
			compatibilityVersion = "Xcode 3.2";
			developmentRegion = English;
			hasScannedForEncodings = 0;
			knownRegions = (
				en,
			);
			mainGroup = 71254C341A134A87007B5169;
			productRefGroup = 71254C3E1A134A87007B5169 /* Products */;
			projectDirPath = "";
			projectRoot = "";
			targets = (
				71254C3C1A134A87007B5169 /* 02-50个人点名 */,
			);
		};
/* End PBXProject section */

/* Begin PBXSourcesBuildPhase section */
		71254C391A134A87007B5169 /* Sources */ = {
			isa = PBXSourcesBuildPhase;
			buildActionMask = 2147483647;
			files = (
				71254C411A134A87007B5169 /* main.m in Sources */,
			);
			runOnlyForDeploymentPostprocessing = 0;
		};
/* End PBXSourcesBuildPhase section */

/* Begin XCBuildConfiguration section */
		71254C421A134A87007B5169 /* Debug */ = {
			isa = XCBuildConfiguration;
			buildSettings = {
				ALWAYS_SEARCH_USER_PATHS = NO;
				CLANG_CXX_LANGUAGE_STANDARD = "gnu++0x";
				CLANG_CXX_LIBRARY = "libc++";
				CLANG_ENABLE_MODULES = YES;
				CLANG_ENABLE_OBJC_ARC = YES;
				CLANG_WARN_BOOL_CONVERSION = YES;
				CLANG_WARN_CONSTANT_CONVERSION = YES;
				CLANG_WARN_DIRECT_OBJC_ISA_USAGE = YES_ERROR;
				CLANG_WARN_EMPTY_BODY = YES;
				CLANG_WARN_ENUM_CONVERSION = YES;
				CLANG_WARN_INT_CONVERSION = YES;
				CLANG_WARN_OBJC_ROOT_CLASS = YES_ERROR;
				CLANG_WARN_UNREACHABLE_CODE = YES;
				CLANG_WARN__DUPLICATE_METHOD_MATCH = YES;
				COPY_PHASE_STRIP = NO;
				ENABLE_STRICT_OBJC_MSGSEND = YES;
				GCC_C_LANGUAGE_STANDARD = gnu99;
				GCC_DYNAMIC_NO_PIC = NO;
				GCC_OPTIMIZATION_LEVEL = 0;
				GCC_PREPROCESSOR_DEFINITIONS = (
					"DEBUG=1",
					"$(inherited)",
				);
				GCC_SYMBOLS_PRIVATE_EXTERN = NO;
				GCC_WARN_64_TO_32_BIT_CONVERSION = YES;
				GCC_WARN_ABOUT_RETURN_TYPE = YES_ERROR;
				GCC_WARN_UNDECLARED_SELECTOR = YES;
				GCC_WARN_UNINITIALIZED_AUTOS = YES_AGGRESSIVE;
				GCC_WARN_UNUSED_FUNCTION = YES;
				GCC_WARN_UNUSED_VARIABLE = YES;
				MACOSX_DEPLOYMENT_TARGET = 10.9;
				MTL_ENABLE_DEBUG_INFO = YES;
				ONLY_ACTIVE_ARCH = YES;
				SDKROOT = macosx;
			};
			name = Debug;
		};
		71254C431A134A87007B5169 /* Release */ = {
			isa = XCBuildConfiguration;
			buildSettings = {
				ALWAYS_SEARCH_USER_PATHS = NO;
				CLANG_CXX_LANGUAGE_STANDARD = "gnu++0x";
				CLANG_CXX_LIBRARY = "libc++";
				CLANG_ENABLE_MODULES = YES;
				CLANG_ENABLE_OBJC_ARC = YES;
				CLANG_WARN_BOOL_CONVERSION = YES;
				CLANG_WARN_CONSTANT_CONVERSION = YES;
				CLANG_WARN_DIRECT_OBJC_ISA_USAGE = YES_ERROR;
				CLANG_WARN_EMPTY_BODY = YES;
				CLANG_WARN_ENUM_CONVERSION = YES;
				CLANG_WARN_INT_CONVERSION = YES;
				CLANG_WARN_OBJC_ROOT_CLASS = YES_ERROR;
				CLANG_WARN_UNREACHABLE_CODE = YES;
				CLANG_WARN__DUPLICATE_METHOD_MATCH = YES;
				COPY_PHASE_STRIP = YES;
				DEBUG_INFORMATION_FORMAT = "dwarf-with-dsym";
				ENABLE_NS_ASSERTIONS = NO;
				ENABLE_STRICT_OBJC_MSGSEND = YES;
				GCC_C_LANGUAGE_STANDARD = gnu99;
				GCC_WARN_64_TO_32_BIT_CONVERSION = YES;
				GCC_WARN_ABOUT_RETURN_TYPE = YES_ERROR;
				GCC_WARN_UNDECLARED_SELECTOR = YES;
				GCC_WARN_UNINITIALIZED_AUTOS = YES_AGGRESSIVE;
				GCC_WARN_UNUSED_FUNCTION = YES;
				GCC_WARN_UNUSED_VARIABLE = YES;
				MACOSX_DEPLOYMENT_TARGET = 10.9;
				MTL_ENABLE_DEBUG_INFO = NO;
				SDKROOT = macosx;
			};
			name = Release;
		};
		71254C451A134A87007B5169 /* Debug */ = {
			isa = XCBuildConfiguration;
			buildSettings = {
				PRODUCT_NAME = "02-50个人点名";
			};
			name = Debug;
		};
		71254C461A134A87007B5169 /* Release */ = {
			isa = XCBuildConfiguration;
			buildSettings = {
				PRODUCT_NAME = "02-50个人点名";
			};
			name = Release;
		};
/* End XCBuildConfiguration section */

/* Begin XCConfigurationList section */
		71254C381A134A87007B5169 /* Build configuration list for PBXProject "02-50个人点名" */ = {
			isa = XCConfigurationList;
			buildConfigurations = (
				71254C421A134A87007B5169 /* Debug */,
				71254C431A134A87007B5169 /* Release */,
			);
			defaultConfigurationIsVisible = 0;
			defaultConfigurationName = Release;
		};
		71254C441A134A87007B5169 /* Build configuration list for PBXNativeTarget "02-50个人点名" */ = {
			isa = XCConfigurationList;
			buildConfigurations = (
				71254C451A134A87007B5169 /* Debug */,
				71254C461A134A87007B5169 /* Release */,
			);
			defaultConfigurationIsVisible = 0;
		};
/* End XCConfigurationList section */
	};
	rootObject = 71254C351A134A87007B5169 /* Project object */;
}
