<?xml version="1.0" encoding="UTF-8"?>
<Scheme
   LastUpgradeVersion = "0610"
   version = "1.3">
   <BuildAction
      parallelizeBuildables = "YES"
      buildImplicitDependencies = "YES">
      <BuildActionEntries>
         <BuildActionEntry
            buildForTesting = "YES"
            buildForRunning = "YES"
            buildForProfiling = "YES"
            buildForArchiving = "YES"
            buildForAnalyzing = "YES">
            <BuildableReference
               BuildableIdentifier = "primary"
               BlueprintIdentifier = "64AC32B81A0CF83D00900B7D"
               BuildableName = "&#x9898;&#x76ee;&#x4e94;"
               BlueprintName = "&#x9898;&#x76ee;&#x4e94;"
               ReferencedContainer = "container:&#x57fa;&#x7840;&#x6d4b;&#x8bd5;&#x9898;(&#x6bdb;&#x7fe0;).xcodeproj">
            </BuildableReference>
         </BuildActionEntry>
      </BuildActionEntries>
   </BuildAction>
   <TestAction
      selectedDebuggerIdentifier = "Xcode.DebuggerFoundation.Debugger.LLDB"
      selectedLauncherIdentifier = "Xcode.DebuggerFoundation.Launcher.LLDB"
      shouldUseLaunchSchemeArgsEnv = "YES"
      buildConfiguration = "Debug">
      <Testables>
      </Testables>
      <MacroExpansion>
         <BuildableReference
            BuildableIdentifier = "primary"
            BlueprintIdentifier = "64AC32B81A0CF83D00900B7D"
            BuildableName = "&#x9898;&#x76ee;&#x4e94;"
            BlueprintName = "&#x9898;&#x76ee;&#x4e94;"
            ReferencedContainer = "container:&#x57fa;&#x7840;&#x6d4b;&#x8bd5;&#x9898;(&#x6bdb;&#x7fe0;).xcodeproj">
         </BuildableReference>
      </MacroExpansion>
   </TestAction>
   <LaunchAction
      selectedDebuggerIdentifier = "Xcode.DebuggerFoundation.Debugger.LLDB"
      selectedLauncherIdentifier = "Xcode.DebuggerFoundation.Launcher.LLDB"
      launchStyle = "0"
      useCustomWorkingDirectory = "NO"
      buildConfiguration = "Debug"
      ignoresPersistentStateOnLaunch = "NO"
      debugDocumentVersioning = "YES"
      allowLocationSimulation = "YES">
      <BuildableProductRunnable>
         <BuildableReference
            BuildableIdentifier = "primary"
            BlueprintIdentifier = "64AC32B81A0CF83D00900B7D"
            BuildableName = "&#x9898;&#x76ee;&#x4e94;"
            BlueprintName = "&#x9898;&#x76ee;&#x4e94;"
            ReferencedContainer = "container:&#x57fa;&#x7840;&#x6d4b;&#x8bd5;&#x9898;(&#x6bdb;&#x7fe0;).xcodeproj">
         </BuildableReference>
      </BuildableProductRunnable>
      <AdditionalOptions>
      </AdditionalOptions>
   </LaunchAction>
   <ProfileAction
      shouldUseLaunchSchemeArgsEnv = "YES"
      savedToolIdentifier = ""
      useCustomWorkingDirectory = "NO"
      buildConfiguration = "Release"
      debugDocumentVersioning = "YES">
      <BuildableProductRunnable>
         <BuildableReference
            BuildableIdentifier = "primary"
            BlueprintIdentifier = "64AC32B81A0CF83D00900B7D"
            BuildableName = "&#x9898;&#x76ee;&#x4e94;"
            BlueprintName = "&#x9898;&#x76ee;&#x4e94;"
            ReferencedContainer = "container:&#x57fa;&#x7840;&#x6d4b;&#x8bd5;&#x9898;(&#x6bdb;&#x7fe0;).xcodeproj">
         </BuildableReference>
      </BuildableProductRunnable>
   </ProfileAction>
   <AnalyzeAction
      buildConfiguration = "Debug">
   </AnalyzeAction>
   <ArchiveAction
      buildConfiguration = "Release"
      revealArchiveInOrganizer = "YES">
   </ArchiveAction>
</Scheme>
