// !$*UTF8*$!
{
	archiveVersion = 1;
	classes = {
	};
	objectVersion = 46;
	objects = {

/* Begin PBXBuildFile section */
		71CF89DD1A57063E0038FA4C /* AppDelegate.swift in Sources */ = {isa = PBXBuildFile; fileRef = 71CF89DC1A57063E0038FA4C /* AppDelegate.swift */; };
		71CF89DF1A57063E0038FA4C /* ViewController.swift in Sources */ = {isa = PBXBuildFile; fileRef = 71CF89DE1A57063E0038FA4C /* ViewController.swift */; };
		71CF89E21A57063E0038FA4C /* Main.storyboard in Resources */ = {isa = PBXBuildFile; fileRef = 71CF89E01A57063E0038FA4C /* Main.storyboard */; };
		71CF89E41A57063E0038FA4C /* Images.xcassets in Resources */ = {isa = PBXBuildFile; fileRef = 71CF89E31A57063E0038FA4C /* Images.xcassets */; };
		71CF89E71A57063E0038FA4C /* LaunchScreen.xib in Resources */ = {isa = PBXBuildFile; fileRef = 71CF89E51A57063E0038FA4C /* LaunchScreen.xib */; };
		71CF89F31A57063E0038FA4C /* _2____UI__Tests.swift in Sources */ = {isa = PBXBuildFile; fileRef = 71CF89F21A57063E0038FA4C /* _2____UI__Tests.swift */; };
/* End PBXBuildFile section */

/* Begin PBXContainerItemProxy section */
		71CF89ED1A57063E0038FA4C /* PBXContainerItemProxy */ = {
			isa = PBXContainerItemProxy;
			containerPortal = 71CF89CF1A57063D0038FA4C /* Project object */;
			proxyType = 1;
			remoteGlobalIDString = 71CF89D61A57063E0038FA4C;
			remoteInfo = "02-第一个UI程序";
		};
/* End PBXContainerItemProxy section */

/* Begin PBXFileReference section */
		71CF89D71A57063E0038FA4C /* 02-第一个UI程序.app */ = {isa = PBXFileReference; explicitFileType = wrapper.application; includeInIndex = 0; path = "02-第一个UI程序.app"; sourceTree = BUILT_PRODUCTS_DIR; };
		71CF89DB1A57063E0038FA4C /* Info.plist */ = {isa = PBXFileReference; lastKnownFileType = text.plist.xml; path = Info.plist; sourceTree = "<group>"; };
		71CF89DC1A57063E0038FA4C /* AppDelegate.swift */ = {isa = PBXFileReference; lastKnownFileType = sourcecode.swift; path = AppDelegate.swift; sourceTree = "<group>"; };
		71CF89DE1A57063E0038FA4C /* ViewController.swift */ = {isa = PBXFileReference; lastKnownFileType = sourcecode.swift; path = ViewController.swift; sourceTree = "<group>"; };
		71CF89E11A57063E0038FA4C /* Base */ = {isa = PBXFileReference; lastKnownFileType = file.storyboard; name = Base; path = Base.lproj/Main.storyboard; sourceTree = "<group>"; };
		71CF89E31A57063E0038FA4C /* Images.xcassets */ = {isa = PBXFileReference; lastKnownFileType = folder.assetcatalog; path = Images.xcassets; sourceTree = "<group>"; };
		71CF89E61A57063E0038FA4C /* Base */ = {isa = PBXFileReference; lastKnownFileType = file.xib; name = Base; path = Base.lproj/LaunchScreen.xib; sourceTree = "<group>"; };
		71CF89EC1A57063E0038FA4C /* 02-第一个UI程序Tests.xctest */ = {isa = PBXFileReference; explicitFileType = wrapper.cfbundle; includeInIndex = 0; path = "02-第一个UI程序Tests.xctest"; sourceTree = BUILT_PRODUCTS_DIR; };
		71CF89F11A57063E0038FA4C /* Info.plist */ = {isa = PBXFileReference; lastKnownFileType = text.plist.xml; path = Info.plist; sourceTree = "<group>"; };
		71CF89F21A57063E0038FA4C /* _2____UI__Tests.swift */ = {isa = PBXFileReference; lastKnownFileType = sourcecode.swift; path = "_2____UI__Tests.swift"; sourceTree = "<group>"; };
/* End PBXFileReference section */

/* Begin PBXFrameworksBuildPhase section */
		71CF89D41A57063E0038FA4C /* Frameworks */ = {
			isa = PBXFrameworksBuildPhase;
			buildActionMask = 2147483647;
			files = (
			);
			runOnlyForDeploymentPostprocessing = 0;
		};
		71CF89E91A57063E0038FA4C /* Frameworks */ = {
			isa = PBXFrameworksBuildPhase;
			buildActionMask = 2147483647;
			files = (
			);
			runOnlyForDeploymentPostprocessing = 0;
		};
/* End PBXFrameworksBuildPhase section */

/* Begin PBXGroup section */
		71CF89CE1A57063D0038FA4C = {
			isa = PBXGroup;
			children = (
				71CF89D91A57063E0038FA4C /* 02-第一个UI程序 */,
				71CF89EF1A57063E0038FA4C /* 02-第一个UI程序Tests */,
				71CF89D81A57063E0038FA4C /* Products */,
			);
			sourceTree = "<group>";
		};
		71CF89D81A57063E0038FA4C /* Products */ = {
			isa = PBXGroup;
			children = (
				71CF89D71A57063E0038FA4C /* 02-第一个UI程序.app */,
				71CF89EC1A57063E0038FA4C /* 02-第一个UI程序Tests.xctest */,
			);
			name = Products;
			sourceTree = "<group>";
		};
		71CF89D91A57063E0038FA4C /* 02-第一个UI程序 */ = {
			isa = PBXGroup;
			children = (
				71CF89DC1A57063E0038FA4C /* AppDelegate.swift */,
				71CF89DE1A57063E0038FA4C /* ViewController.swift */,
				71CF89E01A57063E0038FA4C /* Main.storyboard */,
				71CF89E31A57063E0038FA4C /* Images.xcassets */,
				71CF89E51A57063E0038FA4C /* LaunchScreen.xib */,
				71CF89DA1A57063E0038FA4C /* Supporting Files */,
			);
			path = "02-第一个UI程序";
			sourceTree = "<group>";
		};
		71CF89DA1A57063E0038FA4C /* Supporting Files */ = {
			isa = PBXGroup;
			children = (
				71CF89DB1A57063E0038FA4C /* Info.plist */,
			);
			name = "Supporting Files";
			sourceTree = "<group>";
		};
		71CF89EF1A57063E0038FA4C /* 02-第一个UI程序Tests */ = {
			isa = PBXGroup;
			children = (
				71CF89F21A57063E0038FA4C /* _2____UI__Tests.swift */,
				71CF89F01A57063E0038FA4C /* Supporting Files */,
			);
			path = "02-第一个UI程序Tests";
			sourceTree = "<group>";
		};
		71CF89F01A57063E0038FA4C /* Supporting Files */ = {
			isa = PBXGroup;
			children = (
				71CF89F11A57063E0038FA4C /* Info.plist */,
			);
			name = "Supporting Files";
			sourceTree = "<group>";
		};
/* End PBXGroup section */

/* Begin PBXNativeTarget section */
		71CF89D61A57063E0038FA4C /* 02-第一个UI程序 */ = {
			isa = PBXNativeTarget;
			buildConfigurationList = 71CF89F61A57063E0038FA4C /* Build configuration list for PBXNativeTarget "02-第一个UI程序" */;
			buildPhases = (
				71CF89D31A57063E0038FA4C /* Sources */,
				71CF89D41A57063E0038FA4C /* Frameworks */,
				71CF89D51A57063E0038FA4C /* Resources */,
			);
			buildRules = (
			);
			dependencies = (
			);
			name = "02-第一个UI程序";
			productName = "02-第一个UI程序";
			productReference = 71CF89D71A57063E0038FA4C /* 02-第一个UI程序.app */;
			productType = "com.apple.product-type.application";
		};
		71CF89EB1A57063E0038FA4C /* 02-第一个UI程序Tests */ = {
			isa = PBXNativeTarget;
			buildConfigurationList = 71CF89F91A57063E0038FA4C /* Build configuration list for PBXNativeTarget "02-第一个UI程序Tests" */;
			buildPhases = (
				71CF89E81A57063E0038FA4C /* Sources */,
				71CF89E91A57063E0038FA4C /* Frameworks */,
				71CF89EA1A57063E0038FA4C /* Resources */,
			);
			buildRules = (
			);
			dependencies = (
				71CF89EE1A57063E0038FA4C /* PBXTargetDependency */,
			);
			name = "02-第一个UI程序Tests";
			productName = "02-第一个UI程序Tests";
			productReference = 71CF89EC1A57063E0038FA4C /* 02-第一个UI程序Tests.xctest */;
			productType = "com.apple.product-type.bundle.unit-test";
		};
/* End PBXNativeTarget section */

/* Begin PBXProject section */
		71CF89CF1A57063D0038FA4C /* Project object */ = {
			isa = PBXProject;
			attributes = {
				LastUpgradeCheck = 0610;
				ORGANIZATIONNAME = yangchao;
				TargetAttributes = {
					71CF89D61A57063E0038FA4C = {
						CreatedOnToolsVersion = 6.1;
					};
					71CF89EB1A57063E0038FA4C = {
						CreatedOnToolsVersion = 6.1;
						TestTargetID = 71CF89D61A57063E0038FA4C;
					};
				};
			};
			buildConfigurationList = 71CF89D21A57063D0038FA4C /* Build configuration list for PBXProject "02-第一个UI程序" */;
			compatibilityVersion = "Xcode 3.2";
			developmentRegion = English;
			hasScannedForEncodings = 0;
			knownRegions = (
				en,
				Base,
			);
			mainGroup = 71CF89CE1A57063D0038FA4C;
			productRefGroup = 71CF89D81A57063E0038FA4C /* Products */;
			projectDirPath = "";
			projectRoot = "";
			targets = (
				71CF89D61A57063E0038FA4C /* 02-第一个UI程序 */,
				71CF89EB1A57063E0038FA4C /* 02-第一个UI程序Tests */,
			);
		};
/* End PBXProject section */

/* Begin PBXResourcesBuildPhase section */
		71CF89D51A57063E0038FA4C /* Resources */ = {
			isa = PBXResourcesBuildPhase;
			buildActionMask = 2147483647;
			files = (
				71CF89E21A57063E0038FA4C /* Main.storyboard in Resources */,
				71CF89E71A57063E0038FA4C /* LaunchScreen.xib in Resources */,
				71CF89E41A57063E0038FA4C /* Images.xcassets in Resources */,
			);
			runOnlyForDeploymentPostprocessing = 0;
		};
		71CF89EA1A57063E0038FA4C /* Resources */ = {
			isa = PBXResourcesBuildPhase;
			buildActionMask = 2147483647;
			files = (
			);
			runOnlyForDeploymentPostprocessing = 0;
		};
/* End PBXResourcesBuildPhase section */

/* Begin PBXSourcesBuildPhase section */
		71CF89D31A57063E0038FA4C /* Sources */ = {
			isa = PBXSourcesBuildPhase;
			buildActionMask = 2147483647;
			files = (
				71CF89DF1A57063E0038FA4C /* ViewController.swift in Sources */,
				71CF89DD1A57063E0038FA4C /* AppDelegate.swift in Sources */,
			);
			runOnlyForDeploymentPostprocessing = 0;
		};
		71CF89E81A57063E0038FA4C /* Sources */ = {
			isa = PBXSourcesBuildPhase;
			buildActionMask = 2147483647;
			files = (
				71CF89F31A57063E0038FA4C /* _2____UI__Tests.swift in Sources */,
			);
			runOnlyForDeploymentPostprocessing = 0;
		};
/* End PBXSourcesBuildPhase section */

/* Begin PBXTargetDependency section */
		71CF89EE1A57063E0038FA4C /* PBXTargetDependency */ = {
			isa = PBXTargetDependency;
			target = 71CF89D61A57063E0038FA4C /* 02-第一个UI程序 */;
			targetProxy = 71CF89ED1A57063E0038FA4C /* PBXContainerItemProxy */;
		};
/* End PBXTargetDependency section */

/* Begin PBXVariantGroup section */
		71CF89E01A57063E0038FA4C /* Main.storyboard */ = {
			isa = PBXVariantGroup;
			children = (
				71CF89E11A57063E0038FA4C /* Base */,
			);
			name = Main.storyboard;
			sourceTree = "<group>";
		};
		71CF89E51A57063E0038FA4C /* LaunchScreen.xib */ = {
			isa = PBXVariantGroup;
			children = (
				71CF89E61A57063E0038FA4C /* Base */,
			);
			name = LaunchScreen.xib;
			sourceTree = "<group>";
		};
/* End PBXVariantGroup section */

/* Begin XCBuildConfiguration section */
		71CF89F41A57063E0038FA4C /* Debug */ = {
			isa = XCBuildConfiguration;
			buildSettings = {
				ALWAYS_SEARCH_USER_PATHS = NO;
				CLANG_CXX_LANGUAGE_STANDARD = "gnu++0x";
				CLANG_CXX_LIBRARY = "libc++";
				CLANG_ENABLE_MODULES = YES;
				CLANG_ENABLE_OBJC_ARC = YES;
				CLANG_WARN_BOOL_CONVERSION = YES;
				CLANG_WARN_CONSTANT_CONVERSION = YES;
				CLANG_WARN_DIRECT_OBJC_ISA_USAGE = YES_ERROR;
				CLANG_WARN_EMPTY_BODY = YES;
				CLANG_WARN_ENUM_CONVERSION = YES;
				CLANG_WARN_INT_CONVERSION = YES;
				CLANG_WARN_OBJC_ROOT_CLASS = YES_ERROR;
				CLANG_WARN_UNREACHABLE_CODE = YES;
				CLANG_WARN__DUPLICATE_METHOD_MATCH = YES;
				"CODE_SIGN_IDENTITY[sdk=iphoneos*]" = "iPhone Developer";
				COPY_PHASE_STRIP = NO;
				ENABLE_STRICT_OBJC_MSGSEND = YES;
				GCC_C_LANGUAGE_STANDARD = gnu99;
				GCC_DYNAMIC_NO_PIC = NO;
				GCC_OPTIMIZATION_LEVEL = 0;
				GCC_PREPROCESSOR_DEFINITIONS = (
					"DEBUG=1",
					"$(inherited)",
				);
				GCC_SYMBOLS_PRIVATE_EXTERN = NO;
				GCC_WARN_64_TO_32_BIT_CONVERSION = YES;
				GCC_WARN_ABOUT_RETURN_TYPE = YES_ERROR;
				GCC_WARN_UNDECLARED_SELECTOR = YES;
				GCC_WARN_UNINITIALIZED_AUTOS = YES_AGGRESSIVE;
				GCC_WARN_UNUSED_FUNCTION = YES;
				GCC_WARN_UNUSED_VARIABLE = YES;
				IPHONEOS_DEPLOYMENT_TARGET = 8.1;
				MTL_ENABLE_DEBUG_INFO = YES;
				ONLY_ACTIVE_ARCH = YES;
				SDKROOT = iphoneos;
				SWIFT_OPTIMIZATION_LEVEL = "-Onone";
			};
			name = Debug;
		};
		71CF89F51A57063E0038FA4C /* Release */ = {
			isa = XCBuildConfiguration;
			buildSettings = {
				ALWAYS_SEARCH_USER_PATHS = NO;
				CLANG_CXX_LANGUAGE_STANDARD = "gnu++0x";
				CLANG_CXX_LIBRARY = "libc++";
				CLANG_ENABLE_MODULES = YES;
				CLANG_ENABLE_OBJC_ARC = YES;
				CLANG_WARN_BOOL_CONVERSION = YES;
				CLANG_WARN_CONSTANT_CONVERSION = YES;
				CLANG_WARN_DIRECT_OBJC_ISA_USAGE = YES_ERROR;
				CLANG_WARN_EMPTY_BODY = YES;
				CLANG_WARN_ENUM_CONVERSION = YES;
				CLANG_WARN_INT_CONVERSION = YES;
				CLANG_WARN_OBJC_ROOT_CLASS = YES_ERROR;
				CLANG_WARN_UNREACHABLE_CODE = YES;
				CLANG_WARN__DUPLICATE_METHOD_MATCH = YES;
				"CODE_SIGN_IDENTITY[sdk=iphoneos*]" = "iPhone Developer";
				COPY_PHASE_STRIP = YES;
				ENABLE_NS_ASSERTIONS = NO;
				ENABLE_STRICT_OBJC_MSGSEND = YES;
				GCC_C_LANGUAGE_STANDARD = gnu99;
				GCC_WARN_64_TO_32_BIT_CONVERSION = YES;
				GCC_WARN_ABOUT_RETURN_TYPE = YES_ERROR;
				GCC_WARN_UNDECLARED_SELECTOR = YES;
				GCC_WARN_UNINITIALIZED_AUTOS = YES_AGGRESSIVE;
				GCC_WARN_UNUSED_FUNCTION = YES;
				GCC_WARN_UNUSED_VARIABLE = YES;
				IPHONEOS_DEPLOYMENT_TARGET = 8.1;
				MTL_ENABLE_DEBUG_INFO = NO;
				SDKROOT = iphoneos;
				VALIDATE_PRODUCT = YES;
			};
			name = Release;
		};
		71CF89F71A57063E0038FA4C /* Debug */ = {
			isa = XCBuildConfiguration;
			buildSettings = {
				ASSETCATALOG_COMPILER_APPICON_NAME = AppIcon;
				INFOPLIST_FILE = "02-第一个UI程序/Info.plist";
				LD_RUNPATH_SEARCH_PATHS = "$(inherited) @executable_path/Frameworks";
				PRODUCT_NAME = "$(TARGET_NAME)";
			};
			name = Debug;
		};
		71CF89F81A57063E0038FA4C /* Release */ = {
			isa = XCBuildConfiguration;
			buildSettings = {
				ASSETCATALOG_COMPILER_APPICON_NAME = AppIcon;
				INFOPLIST_FILE = "02-第一个UI程序/Info.plist";
				LD_RUNPATH_SEARCH_PATHS = "$(inherited) @executable_path/Frameworks";
				PRODUCT_NAME = "$(TARGET_NAME)";
			};
			name = Release;
		};
		71CF89FA1A57063E0038FA4C /* Debug */ = {
			isa = XCBuildConfiguration;
			buildSettings = {
				BUNDLE_LOADER = "$(TEST_HOST)";
				FRAMEWORK_SEARCH_PATHS = (
					"$(SDKROOT)/Developer/Library/Frameworks",
					"$(inherited)",
				);
				GCC_PREPROCESSOR_DEFINITIONS = (
					"DEBUG=1",
					"$(inherited)",
				);
				INFOPLIST_FILE = "02-第一个UI程序Tests/Info.plist";
				LD_RUNPATH_SEARCH_PATHS = "$(inherited) @executable_path/Frameworks @loader_path/Frameworks";
				PRODUCT_NAME = "$(TARGET_NAME)";
				TEST_HOST = "$(BUILT_PRODUCTS_DIR)/02-第一个UI程序.app/02-第一个UI程序";
			};
			name = Debug;
		};
		71CF89FB1A57063E0038FA4C /* Release */ = {
			isa = XCBuildConfiguration;
			buildSettings = {
				BUNDLE_LOADER = "$(TEST_HOST)";
				FRAMEWORK_SEARCH_PATHS = (
					"$(SDKROOT)/Developer/Library/Frameworks",
					"$(inherited)",
				);
				INFOPLIST_FILE = "02-第一个UI程序Tests/Info.plist";
				LD_RUNPATH_SEARCH_PATHS = "$(inherited) @executable_path/Frameworks @loader_path/Frameworks";
				PRODUCT_NAME = "$(TARGET_NAME)";
				TEST_HOST = "$(BUILT_PRODUCTS_DIR)/02-第一个UI程序.app/02-第一个UI程序";
			};
			name = Release;
		};
/* End XCBuildConfiguration section */

/* Begin XCConfigurationList section */
		71CF89D21A57063D0038FA4C /* Build configuration list for PBXProject "02-第一个UI程序" */ = {
			isa = XCConfigurationList;
			buildConfigurations = (
				71CF89F41A57063E0038FA4C /* Debug */,
				71CF89F51A57063E0038FA4C /* Release */,
			);
			defaultConfigurationIsVisible = 0;
			defaultConfigurationName = Release;
		};
		71CF89F61A57063E0038FA4C /* Build configuration list for PBXNativeTarget "02-第一个UI程序" */ = {
			isa = XCConfigurationList;
			buildConfigurations = (
				71CF89F71A57063E0038FA4C /* Debug */,
				71CF89F81A57063E0038FA4C /* Release */,
			);
			defaultConfigurationIsVisible = 0;
		};
		71CF89F91A57063E0038FA4C /* Build configuration list for PBXNativeTarget "02-第一个UI程序Tests" */ = {
			isa = XCConfigurationList;
			buildConfigurations = (
				71CF89FA1A57063E0038FA4C /* Debug */,
				71CF89FB1A57063E0038FA4C /* Release */,
			);
			defaultConfigurationIsVisible = 0;
		};
/* End XCConfigurationList section */
	};
	rootObject = 71CF89CF1A57063D0038FA4C /* Project object */;
}
